
Microsoft Visual Studio Solution File, Format Version 12.00
# Visual Studio Version 16
VisualStudioVersion = 16.0.29319.158
MinimumVisualStudioVersion = 10.0.40219.1
Project("{FAE04EC0-301F-11D3-BF4B-00C04F79EFBC}") = "proyectoEDD", "proyectoEDD\proyectoEDD.csproj", "{D46367AA-5348-4A7A-AFC1-341834060963}"
EndProject
Global
	GlobalSection(SolutionConfigurationPlatforms) = preSolution
		Debug|Any CPU = Debug|Any CPU
		Release|Any CPU = Release|Any CPU
	EndGlobalSection
	GlobalSection(ProjectConfigurationPlatforms) = postSolution
		{D46367AA-5348-4A7A-AFC1-341834060963}.Debug|Any CPU.ActiveCfg = Debug|Any CPU
		{D46367AA-5348-4A7A-AFC1-341834060963}.Debug|Any CPU.Build.0 = Debug|Any CPU
		{D46367AA-5348-4A7A-AFC1-341834060963}.Release|Any CPU.ActiveCfg = Release|Any CPU
		{D46367AA-5348-4A7A-AFC1-341834060963}.Release|Any CPU.Build.0 = Release|Any CPU
	EndGlobalSection
	GlobalSection(SolutionProperties) = preSolution
		HideSolutionNode = FALSE
	EndGlobalSection
	GlobalSection(ExtensibilityGlobals) = postSolution
		SolutionGuid = {D314FC36-8799-439E-94C7-91B9F8D9E531}
	EndGlobalSection
EndGlobal
